// !$*UTF8*$!
{
	archiveVersion = 1;
	classes = {
	};
	objectVersion = 50;
	objects = {

/* Begin PBXBuildFile section */
		943D6E3034FE6461B6767F98 /* Pods_TimeWork.framework in Frameworks */ = {isa = PBXBuildFile; fileRef = 1D7CE80FA2916DAECA9B521C /* Pods_TimeWork.framework */; };
		A2073C52226A368300AAEC03 /* RoundButton.swift in Sources */ = {isa = PBXBuildFile; fileRef = A2073C51226A368300AAEC03 /* RoundButton.swift */; };
		A2073C57226A59B600AAEC03 /* Login.storyboard in Resources */ = {isa = PBXBuildFile; fileRef = A2073C56226A59B600AAEC03 /* Login.storyboard */; };
		A2073C59226A610400AAEC03 /* LoginViewController.swift in Sources */ = {isa = PBXBuildFile; fileRef = A2073C58226A610400AAEC03 /* LoginViewController.swift */; };
		A2073C5E226A699200AAEC03 /* Home.storyboard in Resources */ = {isa = PBXBuildFile; fileRef = A2073C5D226A699200AAEC03 /* Home.storyboard */; };
		A2073C67226A6A5000AAEC03 /* SideMenuTableViewController.swift in Sources */ = {isa = PBXBuildFile; fileRef = A2073C61226A6A5000AAEC03 /* SideMenuTableViewController.swift */; };
		A2073C69226A6A5000AAEC03 /* HomeViewController.swift in Sources */ = {isa = PBXBuildFile; fileRef = A2073C63226A6A5000AAEC03 /* HomeViewController.swift */; };
		A2073C6A226A6A5000AAEC03 /* NavigatorViewController.swift in Sources */ = {isa = PBXBuildFile; fileRef = A2073C64226A6A5000AAEC03 /* NavigatorViewController.swift */; };
		A2073C6D226A6A5F00AAEC03 /* HomeViewModel.swift in Sources */ = {isa = PBXBuildFile; fileRef = A2073C6B226A6A5F00AAEC03 /* HomeViewModel.swift */; };
		A2073C70226A6D9E00AAEC03 /* HomeRouter.swift in Sources */ = {isa = PBXBuildFile; fileRef = A2073C6F226A6D9E00AAEC03 /* HomeRouter.swift */; };
		A2073C83226A6E9300AAEC03 /* ServiceError.swift in Sources */ = {isa = PBXBuildFile; fileRef = A2073C77226A6E9300AAEC03 /* ServiceError.swift */; };
		A2073C85226A6E9300AAEC03 /* LoginServices.swift in Sources */ = {isa = PBXBuildFile; fileRef = A2073C79226A6E9300AAEC03 /* LoginServices.swift */; };
		A2073C86226A6E9300AAEC03 /* HomeServices.swift in Sources */ = {isa = PBXBuildFile; fileRef = A2073C7A226A6E9300AAEC03 /* HomeServices.swift */; };
		A2073C87226A6E9300AAEC03 /* Service.swift in Sources */ = {isa = PBXBuildFile; fileRef = A2073C7B226A6E9300AAEC03 /* Service.swift */; };
		A2073C88226A6E9300AAEC03 /* ServiceResponse.swift in Sources */ = {isa = PBXBuildFile; fileRef = A2073C7C226A6E9300AAEC03 /* ServiceResponse.swift */; };
		A2073C8A226A705F00AAEC03 /* LoadingConvenience.swift in Sources */ = {isa = PBXBuildFile; fileRef = A2073C89226A705F00AAEC03 /* LoadingConvenience.swift */; };
		A2073C92226A71A400AAEC03 /* EncodableExtension.swift in Sources */ = {isa = PBXBuildFile; fileRef = A2073C8C226A71A400AAEC03 /* EncodableExtension.swift */; };
		A2073C93226A71A400AAEC03 /* DateExtension.swift in Sources */ = {isa = PBXBuildFile; fileRef = A2073C8D226A71A400AAEC03 /* DateExtension.swift */; };
		A2073C94226A71A400AAEC03 /* UIViewControllerExtension.swift in Sources */ = {isa = PBXBuildFile; fileRef = A2073C8E226A71A400AAEC03 /* UIViewControllerExtension.swift */; };
		A2073C95226A71A400AAEC03 /* FloatExtension.swift in Sources */ = {isa = PBXBuildFile; fileRef = A2073C8F226A71A400AAEC03 /* FloatExtension.swift */; };
		A2073C96226A71A400AAEC03 /* ViewExtension.swift in Sources */ = {isa = PBXBuildFile; fileRef = A2073C90226A71A400AAEC03 /* ViewExtension.swift */; };
		A2073C97226A71A400AAEC03 /* StringExtension.swift in Sources */ = {isa = PBXBuildFile; fileRef = A2073C91226A71A400AAEC03 /* StringExtension.swift */; };
		A2073C99226A725600AAEC03 /* Session.swift in Sources */ = {isa = PBXBuildFile; fileRef = A2073C98226A725500AAEC03 /* Session.swift */; };
		A2073C9B226A72BE00AAEC03 /* JSON.swift in Sources */ = {isa = PBXBuildFile; fileRef = A2073C9A226A72BE00AAEC03 /* JSON.swift */; };
		A2073C9E226A73C300AAEC03 /* Modals.storyboard in Resources */ = {isa = PBXBuildFile; fileRef = A2073C9D226A73C300AAEC03 /* Modals.storyboard */; };
		A2073CA0226A73DD00AAEC03 /* BottomAlertController.swift in Sources */ = {isa = PBXBuildFile; fileRef = A2073C9F226A73DD00AAEC03 /* BottomAlertController.swift */; };
		A2073CA3226A7B2700AAEC03 /* LoginRequest.swift in Sources */ = {isa = PBXBuildFile; fileRef = A2073CA2226A7B2700AAEC03 /* LoginRequest.swift */; };
		A2073CA5226A7B5E00AAEC03 /* LoginResponse.swift in Sources */ = {isa = PBXBuildFile; fileRef = A2073CA4226A7B5E00AAEC03 /* LoginResponse.swift */; };
		A2073CA7226A7C0D00AAEC03 /* LoginViewModel.swift in Sources */ = {isa = PBXBuildFile; fileRef = A2073CA6226A7C0D00AAEC03 /* LoginViewModel.swift */; };
		A2073CA9226AB2D900AAEC03 /* IssuesResponse.swift in Sources */ = {isa = PBXBuildFile; fileRef = A2073CA8226AB2D900AAEC03 /* IssuesResponse.swift */; };
		A2073CAB226AB32400AAEC03 /* Issue.swift in Sources */ = {isa = PBXBuildFile; fileRef = A2073CAA226AB32400AAEC03 /* Issue.swift */; };
		A2073CAD226AD0D900AAEC03 /* IssueServices.swift in Sources */ = {isa = PBXBuildFile; fileRef = A2073CAC226AD0D900AAEC03 /* IssueServices.swift */; };
		A2073CAF226AD66700AAEC03 /* IssueRequest.swift in Sources */ = {isa = PBXBuildFile; fileRef = A2073CAE226AD66700AAEC03 /* IssueRequest.swift */; };
		A282F2082269641A0039DAB4 /* AppDelegate.swift in Sources */ = {isa = PBXBuildFile; fileRef = A282F2072269641A0039DAB4 /* AppDelegate.swift */; };
		A282F20A2269641A0039DAB4 /* ViewController.swift in Sources */ = {isa = PBXBuildFile; fileRef = A282F2092269641A0039DAB4 /* ViewController.swift */; };
		A282F20D2269641A0039DAB4 /* Main.storyboard in Resources */ = {isa = PBXBuildFile; fileRef = A282F20B2269641A0039DAB4 /* Main.storyboard */; };
		A282F20F2269641C0039DAB4 /* Assets.xcassets in Resources */ = {isa = PBXBuildFile; fileRef = A282F20E2269641C0039DAB4 /* Assets.xcassets */; };
		A282F2122269641C0039DAB4 /* LaunchScreen.storyboard in Resources */ = {isa = PBXBuildFile; fileRef = A282F2102269641C0039DAB4 /* LaunchScreen.storyboard */; };
		A282F21F22696EF60039DAB4 /* User.swift in Sources */ = {isa = PBXBuildFile; fileRef = A282F21E22696EF60039DAB4 /* User.swift */; };
		A282F227226973CB0039DAB4 /* Welcome.storyboard in Resources */ = {isa = PBXBuildFile; fileRef = A282F226226973CB0039DAB4 /* Welcome.storyboard */; };
		A282F22A2269744B0039DAB4 /* TutorialPageViewController.swift in Sources */ = {isa = PBXBuildFile; fileRef = A282F2282269744B0039DAB4 /* TutorialPageViewController.swift */; };
		A282F22B2269744B0039DAB4 /* TutorialViewController.swift in Sources */ = {isa = PBXBuildFile; fileRef = A282F2292269744B0039DAB4 /* TutorialViewController.swift */; };
		A282F22F226979200039DAB4 /* Reachability.swift in Sources */ = {isa = PBXBuildFile; fileRef = A282F22E226979200039DAB4 /* Reachability.swift */; };
		A282F232226979870039DAB4 /* BlurEffect.swift in Sources */ = {isa = PBXBuildFile; fileRef = A282F231226979870039DAB4 /* BlurEffect.swift */; };
		A282F2352269814B0039DAB4 /* URLs.plist in Resources */ = {isa = PBXBuildFile; fileRef = A282F2342269814B0039DAB4 /* URLs.plist */; };
		A282F237226981770039DAB4 /* URLInfo.swift in Sources */ = {isa = PBXBuildFile; fileRef = A282F236226981770039DAB4 /* URLInfo.swift */; };
		A282F239226982300039DAB4 /* Endpoint.swift in Sources */ = {isa = PBXBuildFile; fileRef = A282F238226982300039DAB4 /* Endpoint.swift */; };
/* End PBXBuildFile section */

/* Begin PBXFileReference section */
		1D7CE80FA2916DAECA9B521C /* Pods_TimeWork.framework */ = {isa = PBXFileReference; explicitFileType = wrapper.framework; includeInIndex = 0; path = Pods_TimeWork.framework; sourceTree = BUILT_PRODUCTS_DIR; };
		51DF4556E6B3D8EF6CF1FC53 /* Pods-TimeWork.debug.xcconfig */ = {isa = PBXFileReference; includeInIndex = 1; lastKnownFileType = text.xcconfig; name = "Pods-TimeWork.debug.xcconfig"; path = "Target Support Files/Pods-TimeWork/Pods-TimeWork.debug.xcconfig"; sourceTree = "<group>"; };
		8804F65589AE65AF07EE00E7 /* Pods-TimeWork.release.xcconfig */ = {isa = PBXFileReference; includeInIndex = 1; lastKnownFileType = text.xcconfig; name = "Pods-TimeWork.release.xcconfig"; path = "Target Support Files/Pods-TimeWork/Pods-TimeWork.release.xcconfig"; sourceTree = "<group>"; };
		A2073C51226A368300AAEC03 /* RoundButton.swift */ = {isa = PBXFileReference; fileEncoding = 4; lastKnownFileType = sourcecode.swift; path = RoundButton.swift; sourceTree = "<group>"; };
		A2073C56226A59B600AAEC03 /* Login.storyboard */ = {isa = PBXFileReference; lastKnownFileType = file.storyboard; path = Login.storyboard; sourceTree = "<group>"; };
		A2073C58226A610400AAEC03 /* LoginViewController.swift */ = {isa = PBXFileReference; lastKnownFileType = sourcecode.swift; path = LoginViewController.swift; sourceTree = "<group>"; };
		A2073C5D226A699200AAEC03 /* Home.storyboard */ = {isa = PBXFileReference; lastKnownFileType = file.storyboard; path = Home.storyboard; sourceTree = "<group>"; };
		A2073C61226A6A5000AAEC03 /* SideMenuTableViewController.swift */ = {isa = PBXFileReference; fileEncoding = 4; lastKnownFileType = sourcecode.swift; path = SideMenuTableViewController.swift; sourceTree = "<group>"; };
		A2073C63226A6A5000AAEC03 /* HomeViewController.swift */ = {isa = PBXFileReference; fileEncoding = 4; lastKnownFileType = sourcecode.swift; path = HomeViewController.swift; sourceTree = "<group>"; };
		A2073C64226A6A5000AAEC03 /* NavigatorViewController.swift */ = {isa = PBXFileReference; fileEncoding = 4; lastKnownFileType = sourcecode.swift; path = NavigatorViewController.swift; sourceTree = "<group>"; };
		A2073C6B226A6A5F00AAEC03 /* HomeViewModel.swift */ = {isa = PBXFileReference; fileEncoding = 4; lastKnownFileType = sourcecode.swift; path = HomeViewModel.swift; sourceTree = "<group>"; };
		A2073C6F226A6D9E00AAEC03 /* HomeRouter.swift */ = {isa = PBXFileReference; fileEncoding = 4; lastKnownFileType = sourcecode.swift; path = HomeRouter.swift; sourceTree = "<group>"; };
		A2073C77226A6E9300AAEC03 /* ServiceError.swift */ = {isa = PBXFileReference; fileEncoding = 4; lastKnownFileType = sourcecode.swift; path = ServiceError.swift; sourceTree = "<group>"; };
		A2073C79226A6E9300AAEC03 /* LoginServices.swift */ = {isa = PBXFileReference; fileEncoding = 4; lastKnownFileType = sourcecode.swift; path = LoginServices.swift; sourceTree = "<group>"; };
		A2073C7A226A6E9300AAEC03 /* HomeServices.swift */ = {isa = PBXFileReference; fileEncoding = 4; lastKnownFileType = sourcecode.swift; path = HomeServices.swift; sourceTree = "<group>"; };
		A2073C7B226A6E9300AAEC03 /* Service.swift */ = {isa = PBXFileReference; fileEncoding = 4; lastKnownFileType = sourcecode.swift; path = Service.swift; sourceTree = "<group>"; };
		A2073C7C226A6E9300AAEC03 /* ServiceResponse.swift */ = {isa = PBXFileReference; fileEncoding = 4; lastKnownFileType = sourcecode.swift; path = ServiceResponse.swift; sourceTree = "<group>"; };
		A2073C89226A705F00AAEC03 /* LoadingConvenience.swift */ = {isa = PBXFileReference; fileEncoding = 4; lastKnownFileType = sourcecode.swift; path = LoadingConvenience.swift; sourceTree = "<group>"; };
		A2073C8C226A71A400AAEC03 /* EncodableExtension.swift */ = {isa = PBXFileReference; fileEncoding = 4; lastKnownFileType = sourcecode.swift; path = EncodableExtension.swift; sourceTree = "<group>"; };
		A2073C8D226A71A400AAEC03 /* DateExtension.swift */ = {isa = PBXFileReference; fileEncoding = 4; lastKnownFileType = sourcecode.swift; path = DateExtension.swift; sourceTree = "<group>"; };
		A2073C8E226A71A400AAEC03 /* UIViewControllerExtension.swift */ = {isa = PBXFileReference; fileEncoding = 4; lastKnownFileType = sourcecode.swift; path = UIViewControllerExtension.swift; sourceTree = "<group>"; };
		A2073C8F226A71A400AAEC03 /* FloatExtension.swift */ = {isa = PBXFileReference; fileEncoding = 4; lastKnownFileType = sourcecode.swift; path = FloatExtension.swift; sourceTree = "<group>"; };
		A2073C90226A71A400AAEC03 /* ViewExtension.swift */ = {isa = PBXFileReference; fileEncoding = 4; lastKnownFileType = sourcecode.swift; path = ViewExtension.swift; sourceTree = "<group>"; };
		A2073C91226A71A400AAEC03 /* StringExtension.swift */ = {isa = PBXFileReference; fileEncoding = 4; lastKnownFileType = sourcecode.swift; path = StringExtension.swift; sourceTree = "<group>"; };
		A2073C98226A725500AAEC03 /* Session.swift */ = {isa = PBXFileReference; fileEncoding = 4; lastKnownFileType = sourcecode.swift; path = Session.swift; sourceTree = "<group>"; };
		A2073C9A226A72BE00AAEC03 /* JSON.swift */ = {isa = PBXFileReference; fileEncoding = 4; lastKnownFileType = sourcecode.swift; path = JSON.swift; sourceTree = "<group>"; };
		A2073C9D226A73C300AAEC03 /* Modals.storyboard */ = {isa = PBXFileReference; fileEncoding = 4; lastKnownFileType = file.storyboard; path = Modals.storyboard; sourceTree = "<group>"; };
		A2073C9F226A73DD00AAEC03 /* BottomAlertController.swift */ = {isa = PBXFileReference; fileEncoding = 4; lastKnownFileType = sourcecode.swift; path = BottomAlertController.swift; sourceTree = "<group>"; };
		A2073CA2226A7B2700AAEC03 /* LoginRequest.swift */ = {isa = PBXFileReference; lastKnownFileType = sourcecode.swift; path = LoginRequest.swift; sourceTree = "<group>"; };
		A2073CA4226A7B5E00AAEC03 /* LoginResponse.swift */ = {isa = PBXFileReference; lastKnownFileType = sourcecode.swift; path = LoginResponse.swift; sourceTree = "<group>"; };
		A2073CA6226A7C0D00AAEC03 /* LoginViewModel.swift */ = {isa = PBXFileReference; lastKnownFileType = sourcecode.swift; path = LoginViewModel.swift; sourceTree = "<group>"; };
		A2073CA8226AB2D900AAEC03 /* IssuesResponse.swift */ = {isa = PBXFileReference; lastKnownFileType = sourcecode.swift; path = IssuesResponse.swift; sourceTree = "<group>"; };
		A2073CAA226AB32400AAEC03 /* Issue.swift */ = {isa = PBXFileReference; lastKnownFileType = sourcecode.swift; path = Issue.swift; sourceTree = "<group>"; };
		A2073CAC226AD0D900AAEC03 /* IssueServices.swift */ = {isa = PBXFileReference; lastKnownFileType = sourcecode.swift; path = IssueServices.swift; sourceTree = "<group>"; };
		A2073CAE226AD66700AAEC03 /* IssueRequest.swift */ = {isa = PBXFileReference; lastKnownFileType = sourcecode.swift; path = IssueRequest.swift; sourceTree = "<group>"; };
		A282F2042269641A0039DAB4 /* TimeWork.app */ = {isa = PBXFileReference; explicitFileType = wrapper.application; includeInIndex = 0; path = TimeWork.app; sourceTree = BUILT_PRODUCTS_DIR; };
		A282F2072269641A0039DAB4 /* AppDelegate.swift */ = {isa = PBXFileReference; lastKnownFileType = sourcecode.swift; path = AppDelegate.swift; sourceTree = "<group>"; };
		A282F2092269641A0039DAB4 /* ViewController.swift */ = {isa = PBXFileReference; lastKnownFileType = sourcecode.swift; path = ViewController.swift; sourceTree = "<group>"; };
		A282F20C2269641A0039DAB4 /* Base */ = {isa = PBXFileReference; lastKnownFileType = file.storyboard; name = Base; path = Base.lproj/Main.storyboard; sourceTree = "<group>"; };
		A282F20E2269641C0039DAB4 /* Assets.xcassets */ = {isa = PBXFileReference; lastKnownFileType = folder.assetcatalog; path = Assets.xcassets; sourceTree = "<group>"; };
		A282F2112269641C0039DAB4 /* Base */ = {isa = PBXFileReference; lastKnownFileType = file.storyboard; name = Base; path = Base.lproj/LaunchScreen.storyboard; sourceTree = "<group>"; };
		A282F2132269641C0039DAB4 /* Info.plist */ = {isa = PBXFileReference; lastKnownFileType = text.plist.xml; path = Info.plist; sourceTree = "<group>"; };
		A282F21E22696EF60039DAB4 /* User.swift */ = {isa = PBXFileReference; lastKnownFileType = sourcecode.swift; path = User.swift; sourceTree = "<group>"; };
		A282F226226973CB0039DAB4 /* Welcome.storyboard */ = {isa = PBXFileReference; lastKnownFileType = file.storyboard; path = Welcome.storyboard; sourceTree = "<group>"; };
		A282F2282269744B0039DAB4 /* TutorialPageViewController.swift */ = {isa = PBXFileReference; fileEncoding = 4; lastKnownFileType = sourcecode.swift; path = TutorialPageViewController.swift; sourceTree = "<group>"; };
		A282F2292269744B0039DAB4 /* TutorialViewController.swift */ = {isa = PBXFileReference; fileEncoding = 4; lastKnownFileType = sourcecode.swift; path = TutorialViewController.swift; sourceTree = "<group>"; };
		A282F22E226979200039DAB4 /* Reachability.swift */ = {isa = PBXFileReference; lastKnownFileType = sourcecode.swift; path = Reachability.swift; sourceTree = "<group>"; };
		A282F231226979870039DAB4 /* BlurEffect.swift */ = {isa = PBXFileReference; lastKnownFileType = sourcecode.swift; path = BlurEffect.swift; sourceTree = "<group>"; };
		A282F2342269814B0039DAB4 /* URLs.plist */ = {isa = PBXFileReference; lastKnownFileType = text.plist.xml; path = URLs.plist; sourceTree = "<group>"; };
		A282F236226981770039DAB4 /* URLInfo.swift */ = {isa = PBXFileReference; lastKnownFileType = sourcecode.swift; path = URLInfo.swift; sourceTree = "<group>"; };
		A282F238226982300039DAB4 /* Endpoint.swift */ = {isa = PBXFileReference; lastKnownFileType = sourcecode.swift; path = Endpoint.swift; sourceTree = "<group>"; };
/* End PBXFileReference section */

/* Begin PBXFrameworksBuildPhase section */
		A282F2012269641A0039DAB4 /* Frameworks */ = {
			isa = PBXFrameworksBuildPhase;
			buildActionMask = 2147483647;
			files = (
				943D6E3034FE6461B6767F98 /* Pods_TimeWork.framework in Frameworks */,
			);
			runOnlyForDeploymentPostprocessing = 0;
		};
/* End PBXFrameworksBuildPhase section */

/* Begin PBXGroup section */
		398E9B312D43179D9271EA6F /* Frameworks */ = {
			isa = PBXGroup;
			children = (
				1D7CE80FA2916DAECA9B521C /* Pods_TimeWork.framework */,
			);
			name = Frameworks;
			sourceTree = "<group>";
		};
		55E52894E5C70C757B8846B2 /* Pods */ = {
			isa = PBXGroup;
			children = (
				51DF4556E6B3D8EF6CF1FC53 /* Pods-TimeWork.debug.xcconfig */,
				8804F65589AE65AF07EE00E7 /* Pods-TimeWork.release.xcconfig */,
			);
			path = Pods;
			sourceTree = "<group>";
		};
		A2073C50226A362C00AAEC03 /* UI */ = {
			isa = PBXGroup;
			children = (
				A2073C9C226A739000AAEC03 /* Models */,
				A2073C51226A368300AAEC03 /* RoundButton.swift */,
			);
			path = UI;
			sourceTree = "<group>";
		};
		A2073C53226A597C00AAEC03 /* Login */ = {
			isa = PBXGroup;
			children = (
				A2073C55226A599D00AAEC03 /* ViewModels */,
				A2073C54226A598A00AAEC03 /* ViewControllers */,
				A2073C56226A59B600AAEC03 /* Login.storyboard */,
			);
			path = Login;
			sourceTree = "<group>";
		};
		A2073C54226A598A00AAEC03 /* ViewControllers */ = {
			isa = PBXGroup;
			children = (
				A2073C58226A610400AAEC03 /* LoginViewController.swift */,
			);
			path = ViewControllers;
			sourceTree = "<group>";
		};
		A2073C55226A599D00AAEC03 /* ViewModels */ = {
			isa = PBXGroup;
			children = (
				A2073CA6226A7C0D00AAEC03 /* LoginViewModel.swift */,
			);
			path = ViewModels;
			sourceTree = "<group>";
		};
		A2073C5A226A672600AAEC03 /* Home */ = {
			isa = PBXGroup;
			children = (
				A2073C6F226A6D9E00AAEC03 /* HomeRouter.swift */,
				A2073C5C226A674500AAEC03 /* ViewModels */,
				A2073C5B226A673800AAEC03 /* ViewControllers */,
				A2073C5D226A699200AAEC03 /* Home.storyboard */,
			);
			path = Home;
			sourceTree = "<group>";
		};
		A2073C5B226A673800AAEC03 /* ViewControllers */ = {
			isa = PBXGroup;
			children = (
				A2073C63226A6A5000AAEC03 /* HomeViewController.swift */,
				A2073C64226A6A5000AAEC03 /* NavigatorViewController.swift */,
				A2073C61226A6A5000AAEC03 /* SideMenuTableViewController.swift */,
			);
			path = ViewControllers;
			sourceTree = "<group>";
		};
		A2073C5C226A674500AAEC03 /* ViewModels */ = {
			isa = PBXGroup;
			children = (
				A2073C6B226A6A5F00AAEC03 /* HomeViewModel.swift */,
			);
			path = ViewModels;
			sourceTree = "<group>";
		};
		A2073C9C226A739000AAEC03 /* Models */ = {
			isa = PBXGroup;
			children = (
				A2073C9F226A73DD00AAEC03 /* BottomAlertController.swift */,
				A2073C9D226A73C300AAEC03 /* Modals.storyboard */,
			);
			path = Models;
			sourceTree = "<group>";
		};
		A2073CA1226A7B0000AAEC03 /* Login */ = {
			isa = PBXGroup;
			children = (
				A2073CA2226A7B2700AAEC03 /* LoginRequest.swift */,
				A2073CA4226A7B5E00AAEC03 /* LoginResponse.swift */,
			);
			path = Login;
			sourceTree = "<group>";
		};
		A282F1FB2269641A0039DAB4 = {
			isa = PBXGroup;
			children = (
				A282F2062269641A0039DAB4 /* TimeWork */,
				A282F2052269641A0039DAB4 /* Products */,
				55E52894E5C70C757B8846B2 /* Pods */,
				398E9B312D43179D9271EA6F /* Frameworks */,
			);
			sourceTree = "<group>";
		};
		A282F2052269641A0039DAB4 /* Products */ = {
			isa = PBXGroup;
			children = (
				A282F2042269641A0039DAB4 /* TimeWork.app */,
			);
			name = Products;
			sourceTree = "<group>";
		};
		A282F2062269641A0039DAB4 /* TimeWork */ = {
			isa = PBXGroup;
			children = (
				A282F22C2269789A0039DAB4 /* Conveniences */,
				A282F21A226966800039DAB4 /* Models */,
				A282F233226981080039DAB4 /* Resources */,
				A282F222226973660039DAB4 /* Scenes */,
				A282F2192269666E0039DAB4 /* Services */,
				A282F2072269641A0039DAB4 /* AppDelegate.swift */,
				A282F2092269641A0039DAB4 /* ViewController.swift */,
				A282F20B2269641A0039DAB4 /* Main.storyboard */,
				A282F20E2269641C0039DAB4 /* Assets.xcassets */,
				A282F2102269641C0039DAB4 /* LaunchScreen.storyboard */,
				A282F2132269641C0039DAB4 /* Info.plist */,
			);
			path = TimeWork;
			sourceTree = "<group>";
		};
		A282F2192269666E0039DAB4 /* Services */ = {
			isa = PBXGroup;
			children = (
				A282F238226982300039DAB4 /* Endpoint.swift */,
				A2073C7A226A6E9300AAEC03 /* HomeServices.swift */,
				A2073CAC226AD0D900AAEC03 /* IssueServices.swift */,
				A2073C79226A6E9300AAEC03 /* LoginServices.swift */,
				A2073C7B226A6E9300AAEC03 /* Service.swift */,
				A2073C77226A6E9300AAEC03 /* ServiceError.swift */,
				A2073C7C226A6E9300AAEC03 /* ServiceResponse.swift */,
			);
			path = Services;
			sourceTree = "<group>";
		};
		A282F21A226966800039DAB4 /* Models */ = {
			isa = PBXGroup;
			children = (
				A2073CA1226A7B0000AAEC03 /* Login */,
				A282F23A226985020039DAB4 /* Issues */,
				A282F21B226966920039DAB4 /* Users */,
			);
			path = Models;
			sourceTree = "<group>";
		};
		A282F21B226966920039DAB4 /* Users */ = {
			isa = PBXGroup;
			children = (
				A282F21E22696EF60039DAB4 /* User.swift */,
			);
			path = Users;
			sourceTree = "<group>";
		};
		A282F222226973660039DAB4 /* Scenes */ = {
			isa = PBXGroup;
			children = (
				A2073C5A226A672600AAEC03 /* Home */,
				A2073C53226A597C00AAEC03 /* Login */,
				A282F223226973830039DAB4 /* Welcome */,
			);
			path = Scenes;
			sourceTree = "<group>";
		};
		A282F223226973830039DAB4 /* Welcome */ = {
			isa = PBXGroup;
			children = (
				A282F225226973A40039DAB4 /* ViewControllers */,
				A282F224226973920039DAB4 /* ViewModels */,
				A282F226226973CB0039DAB4 /* Welcome.storyboard */,
			);
			path = Welcome;
			sourceTree = "<group>";
		};
		A282F224226973920039DAB4 /* ViewModels */ = {
			isa = PBXGroup;
			children = (
			);
			path = ViewModels;
			sourceTree = "<group>";
		};
		A282F225226973A40039DAB4 /* ViewControllers */ = {
			isa = PBXGroup;
			children = (
				A282F2282269744B0039DAB4 /* TutorialPageViewController.swift */,
				A282F2292269744B0039DAB4 /* TutorialViewController.swift */,
			);
			path = ViewControllers;
			sourceTree = "<group>";
		};
		A282F22C2269789A0039DAB4 /* Conveniences */ = {
			isa = PBXGroup;
			children = (
				A2073C9A226A72BE00AAEC03 /* JSON.swift */,
				A2073C98226A725500AAEC03 /* Session.swift */,
				A2073C89226A705F00AAEC03 /* LoadingConvenience.swift */,
				A2073C50226A362C00AAEC03 /* UI */,
				A282F2302269796F0039DAB4 /* Extensions */,
				A282F22D226979040039DAB4 /* Network */,
			);
			path = Conveniences;
			sourceTree = "<group>";
		};
		A282F22D226979040039DAB4 /* Network */ = {
			isa = PBXGroup;
			children = (
				A282F22E226979200039DAB4 /* Reachability.swift */,
			);
			path = Network;
			sourceTree = "<group>";
		};
		A282F2302269796F0039DAB4 /* Extensions */ = {
			isa = PBXGroup;
			children = (
				A2073C8D226A71A400AAEC03 /* DateExtension.swift */,
				A2073C8C226A71A400AAEC03 /* EncodableExtension.swift */,
				A2073C8F226A71A400AAEC03 /* FloatExtension.swift */,
				A2073C91226A71A400AAEC03 /* StringExtension.swift */,
				A2073C8E226A71A400AAEC03 /* UIViewControllerExtension.swift */,
				A2073C90226A71A400AAEC03 /* ViewExtension.swift */,
				A282F231226979870039DAB4 /* BlurEffect.swift */,
			);
			path = Extensions;
			sourceTree = "<group>";
		};
		A282F233226981080039DAB4 /* Resources */ = {
			isa = PBXGroup;
			children = (
				A282F2342269814B0039DAB4 /* URLs.plist */,
				A282F236226981770039DAB4 /* URLInfo.swift */,
			);
			path = Resources;
			sourceTree = "<group>";
		};
		A282F23A226985020039DAB4 /* Issues */ = {
			isa = PBXGroup;
			children = (
				A2073CA8226AB2D900AAEC03 /* IssuesResponse.swift */,
				A2073CAA226AB32400AAEC03 /* Issue.swift */,
				A2073CAE226AD66700AAEC03 /* IssueRequest.swift */,
			);
			path = Issues;
			sourceTree = "<group>";
		};
/* End PBXGroup section */

/* Begin PBXNativeTarget section */
		A282F2032269641A0039DAB4 /* TimeWork */ = {
			isa = PBXNativeTarget;
			buildConfigurationList = A282F2162269641C0039DAB4 /* Build configuration list for PBXNativeTarget "TimeWork" */;
			buildPhases = (
				2DFC846080AF5AC68C04883A /* [CP] Check Pods Manifest.lock */,
				A282F2002269641A0039DAB4 /* Sources */,
				A282F2012269641A0039DAB4 /* Frameworks */,
				A282F2022269641A0039DAB4 /* Resources */,
				E50790012CDA52D378FC40EA /* [CP] Embed Pods Frameworks */,
			);
			buildRules = (
			);
			dependencies = (
			);
			name = TimeWork;
			productName = TimeWork;
			productReference = A282F2042269641A0039DAB4 /* TimeWork.app */;
			productType = "com.apple.product-type.application";
		};
/* End PBXNativeTarget section */

/* Begin PBXProject section */
		A282F1FC2269641A0039DAB4 /* Project object */ = {
			isa = PBXProject;
			attributes = {
				LastSwiftUpdateCheck = 1020;
				LastUpgradeCheck = 1020;
				ORGANIZATIONNAME = "Supera Tecnologia";
				TargetAttributes = {
					A282F2032269641A0039DAB4 = {
						CreatedOnToolsVersion = 10.2.1;
					};
				};
			};
			buildConfigurationList = A282F1FF2269641A0039DAB4 /* Build configuration list for PBXProject "TimeWork" */;
			compatibilityVersion = "Xcode 9.3";
			developmentRegion = en;
			hasScannedForEncodings = 0;
			knownRegions = (
				en,
				Base,
			);
			mainGroup = A282F1FB2269641A0039DAB4;
			productRefGroup = A282F2052269641A0039DAB4 /* Products */;
			projectDirPath = "";
			projectRoot = "";
			targets = (
				A282F2032269641A0039DAB4 /* TimeWork */,
			);
		};
/* End PBXProject section */

/* Begin PBXResourcesBuildPhase section */
		A282F2022269641A0039DAB4 /* Resources */ = {
			isa = PBXResourcesBuildPhase;
			buildActionMask = 2147483647;
			files = (
				A2073C9E226A73C300AAEC03 /* Modals.storyboard in Resources */,
				A2073C5E226A699200AAEC03 /* Home.storyboard in Resources */,
				A282F2122269641C0039DAB4 /* LaunchScreen.storyboard in Resources */,
				A282F227226973CB0039DAB4 /* Welcome.storyboard in Resources */,
				A2073C57226A59B600AAEC03 /* Login.storyboard in Resources */,
				A282F20F2269641C0039DAB4 /* Assets.xcassets in Resources */,
				A282F20D2269641A0039DAB4 /* Main.storyboard in Resources */,
				A282F2352269814B0039DAB4 /* URLs.plist in Resources */,
			);
			runOnlyForDeploymentPostprocessing = 0;
		};
/* End PBXResourcesBuildPhase section */

/* Begin PBXShellScriptBuildPhase section */
		2DFC846080AF5AC68C04883A /* [CP] Check Pods Manifest.lock */ = {
			isa = PBXShellScriptBuildPhase;
			buildActionMask = 2147483647;
			files = (
			);
			inputFileListPaths = (
			);
			inputPaths = (
				"${PODS_PODFILE_DIR_PATH}/Podfile.lock",
				"${PODS_ROOT}/Manifest.lock",
			);
			name = "[CP] Check Pods Manifest.lock";
			outputFileListPaths = (
			);
			outputPaths = (
				"$(DERIVED_FILE_DIR)/Pods-TimeWork-checkManifestLockResult.txt",
			);
			runOnlyForDeploymentPostprocessing = 0;
			shellPath = /bin/sh;
			shellScript = "diff \"${PODS_PODFILE_DIR_PATH}/Podfile.lock\" \"${PODS_ROOT}/Manifest.lock\" > /dev/null\nif [ $? != 0 ] ; then\n    # print error to STDERR\n    echo \"error: The sandbox is not in sync with the Podfile.lock. Run 'pod install' or update your CocoaPods installation.\" >&2\n    exit 1\nfi\n# This output is used by Xcode 'outputs' to avoid re-running this script phase.\necho \"SUCCESS\" > \"${SCRIPT_OUTPUT_FILE_0}\"\n";
			showEnvVarsInLog = 0;
		};
		E50790012CDA52D378FC40EA /* [CP] Embed Pods Frameworks */ = {
			isa = PBXShellScriptBuildPhase;
			buildActionMask = 2147483647;
			files = (
			);
			inputFileListPaths = (
			);
			inputPaths = (
				"${PODS_ROOT}/Target Support Files/Pods-TimeWork/Pods-TimeWork-frameworks.sh",
				"${BUILT_PRODUCTS_DIR}/CommonCryptoModule/CommonCryptoModule.framework",
				"${BUILT_PRODUCTS_DIR}/Material/Material.framework",
				"${BUILT_PRODUCTS_DIR}/Motion/Motion.framework",
				"${BUILT_PRODUCTS_DIR}/RxSwift/RxSwift.framework",
				"${BUILT_PRODUCTS_DIR}/SideMenu/SideMenu.framework",
			);
			name = "[CP] Embed Pods Frameworks";
			outputFileListPaths = (
			);
			outputPaths = (
				"${TARGET_BUILD_DIR}/${FRAMEWORKS_FOLDER_PATH}/CommonCryptoModule.framework",
				"${TARGET_BUILD_DIR}/${FRAMEWORKS_FOLDER_PATH}/Material.framework",
				"${TARGET_BUILD_DIR}/${FRAMEWORKS_FOLDER_PATH}/Motion.framework",
				"${TARGET_BUILD_DIR}/${FRAMEWORKS_FOLDER_PATH}/RxSwift.framework",
				"${TARGET_BUILD_DIR}/${FRAMEWORKS_FOLDER_PATH}/SideMenu.framework",
			);
			runOnlyForDeploymentPostprocessing = 0;
			shellPath = /bin/sh;
			shellScript = "\"${PODS_ROOT}/Target Support Files/Pods-TimeWork/Pods-TimeWork-frameworks.sh\"\n";
			showEnvVarsInLog = 0;
		};
/* End PBXShellScriptBuildPhase section */

/* Begin PBXSourcesBuildPhase section */
		A282F2002269641A0039DAB4 /* Sources */ = {
			isa = PBXSourcesBuildPhase;
			buildActionMask = 2147483647;
			files = (
				A2073C59226A610400AAEC03 /* LoginViewController.swift in Sources */,
				A2073C93226A71A400AAEC03 /* DateExtension.swift in Sources */,
				A2073C95226A71A400AAEC03 /* FloatExtension.swift in Sources */,
				A282F21F22696EF60039DAB4 /* User.swift in Sources */,
				A282F22B2269744B0039DAB4 /* TutorialViewController.swift in Sources */,
				A2073CA7226A7C0D00AAEC03 /* LoginViewModel.swift in Sources */,
				A2073C6D226A6A5F00AAEC03 /* HomeViewModel.swift in Sources */,
				A2073CA0226A73DD00AAEC03 /* BottomAlertController.swift in Sources */,
				A2073C96226A71A400AAEC03 /* ViewExtension.swift in Sources */,
				A282F22A2269744B0039DAB4 /* TutorialPageViewController.swift in Sources */,
				A2073C83226A6E9300AAEC03 /* ServiceError.swift in Sources */,
				A2073CAF226AD66700AAEC03 /* IssueRequest.swift in Sources */,
				A2073C69226A6A5000AAEC03 /* HomeViewController.swift in Sources */,
				A2073CA9226AB2D900AAEC03 /* IssuesResponse.swift in Sources */,
				A2073C92226A71A400AAEC03 /* EncodableExtension.swift in Sources */,
				A2073CA5226A7B5E00AAEC03 /* LoginResponse.swift in Sources */,
				A2073C94226A71A400AAEC03 /* UIViewControllerExtension.swift in Sources */,
				A2073C97226A71A400AAEC03 /* StringExtension.swift in Sources */,
				A282F20A2269641A0039DAB4 /* ViewController.swift in Sources */,
				A282F237226981770039DAB4 /* URLInfo.swift in Sources */,
				A282F232226979870039DAB4 /* BlurEffect.swift in Sources */,
				A2073C88226A6E9300AAEC03 /* ServiceResponse.swift in Sources */,
				A2073C67226A6A5000AAEC03 /* SideMenuTableViewController.swift in Sources */,
				A2073C85226A6E9300AAEC03 /* LoginServices.swift in Sources */,
				A282F22F226979200039DAB4 /* Reachability.swift in Sources */,
				A2073CA3226A7B2700AAEC03 /* LoginRequest.swift in Sources */,
				A2073C9B226A72BE00AAEC03 /* JSON.swift in Sources */,
				A2073C6A226A6A5000AAEC03 /* NavigatorViewController.swift in Sources */,
				A2073CAD226AD0D900AAEC03 /* IssueServices.swift in Sources */,
				A2073C87226A6E9300AAEC03 /* Service.swift in Sources */,
				A282F239226982300039DAB4 /* Endpoint.swift in Sources */,
				A2073C99226A725600AAEC03 /* Session.swift in Sources */,
				A2073C52226A368300AAEC03 /* RoundButton.swift in Sources */,
				A282F2082269641A0039DAB4 /* AppDelegate.swift in Sources */,
				A2073C70226A6D9E00AAEC03 /* HomeRouter.swift in Sources */,
				A2073C8A226A705F00AAEC03 /* LoadingConvenience.swift in Sources */,
				A2073C86226A6E9300AAEC03 /* HomeServices.swift in Sources */,
				A2073CAB226AB32400AAEC03 /* Issue.swift in Sources */,
			);
			runOnlyForDeploymentPostprocessing = 0;
		};
/* End PBXSourcesBuildPhase section */

/* Begin PBXVariantGroup section */
		A282F20B2269641A0039DAB4 /* Main.storyboard */ = {
			isa = PBXVariantGroup;
			children = (
				A282F20C2269641A0039DAB4 /* Base */,
			);
			name = Main.storyboard;
			sourceTree = "<group>";
		};
		A282F2102269641C0039DAB4 /* LaunchScreen.storyboard */ = {
			isa = PBXVariantGroup;
			children = (
				A282F2112269641C0039DAB4 /* Base */,
			);
			name = LaunchScreen.storyboard;
			sourceTree = "<group>";
		};
/* End PBXVariantGroup section */

/* Begin XCBuildConfiguration section */
		A282F2142269641C0039DAB4 /* Debug */ = {
			isa = XCBuildConfiguration;
			buildSettings = {
				ALWAYS_SEARCH_USER_PATHS = NO;
				CLANG_ANALYZER_NONNULL = YES;
				CLANG_ANALYZER_NUMBER_OBJECT_CONVERSION = YES_AGGRESSIVE;
				CLANG_CXX_LANGUAGE_STANDARD = "gnu++14";
				CLANG_CXX_LIBRARY = "libc++";
				CLANG_ENABLE_MODULES = YES;
				CLANG_ENABLE_OBJC_ARC = YES;
				CLANG_ENABLE_OBJC_WEAK = YES;
				CLANG_WARN_BLOCK_CAPTURE_AUTORELEASING = YES;
				CLANG_WARN_BOOL_CONVERSION = YES;
				CLANG_WARN_COMMA = YES;
				CLANG_WARN_CONSTANT_CONVERSION = YES;
				CLANG_WARN_DEPRECATED_OBJC_IMPLEMENTATIONS = YES;
				CLANG_WARN_DIRECT_OBJC_ISA_USAGE = YES_ERROR;
				CLANG_WARN_DOCUMENTATION_COMMENTS = YES;
				CLANG_WARN_EMPTY_BODY = YES;
				CLANG_WARN_ENUM_CONVERSION = YES;
				CLANG_WARN_INFINITE_RECURSION = YES;
				CLANG_WARN_INT_CONVERSION = YES;
				CLANG_WARN_NON_LITERAL_NULL_CONVERSION = YES;
				CLANG_WARN_OBJC_IMPLICIT_RETAIN_SELF = YES;
				CLANG_WARN_OBJC_LITERAL_CONVERSION = YES;
				CLANG_WARN_OBJC_ROOT_CLASS = YES_ERROR;
				CLANG_WARN_RANGE_LOOP_ANALYSIS = YES;
				CLANG_WARN_STRICT_PROTOTYPES = YES;
				CLANG_WARN_SUSPICIOUS_MOVE = YES;
				CLANG_WARN_UNGUARDED_AVAILABILITY = YES_AGGRESSIVE;
				CLANG_WARN_UNREACHABLE_CODE = YES;
				CLANG_WARN__DUPLICATE_METHOD_MATCH = YES;
				CODE_SIGN_IDENTITY = "iPhone Developer";
				COPY_PHASE_STRIP = NO;
				DEBUG_INFORMATION_FORMAT = dwarf;
				ENABLE_STRICT_OBJC_MSGSEND = YES;
				ENABLE_TESTABILITY = YES;
				GCC_C_LANGUAGE_STANDARD = gnu11;
				GCC_DYNAMIC_NO_PIC = NO;
				GCC_NO_COMMON_BLOCKS = YES;
				GCC_OPTIMIZATION_LEVEL = 0;
				GCC_PREPROCESSOR_DEFINITIONS = (
					"DEBUG=1",
					"$(inherited)",
				);
				GCC_WARN_64_TO_32_BIT_CONVERSION = YES;
				GCC_WARN_ABOUT_RETURN_TYPE = YES_ERROR;
				GCC_WARN_UNDECLARED_SELECTOR = YES;
				GCC_WARN_UNINITIALIZED_AUTOS = YES_AGGRESSIVE;
				GCC_WARN_UNUSED_FUNCTION = YES;
				GCC_WARN_UNUSED_VARIABLE = YES;
				IPHONEOS_DEPLOYMENT_TARGET = 12.2;
				MTL_ENABLE_DEBUG_INFO = INCLUDE_SOURCE;
				MTL_FAST_MATH = YES;
				ONLY_ACTIVE_ARCH = YES;
				SDKROOT = iphoneos;
				SWIFT_ACTIVE_COMPILATION_CONDITIONS = DEBUG;
				SWIFT_OPTIMIZATION_LEVEL = "-Onone";
			};
			name = Debug;
		};
		A282F2152269641C0039DAB4 /* Release */ = {
			isa = XCBuildConfiguration;
			buildSettings = {
				ALWAYS_SEARCH_USER_PATHS = NO;
				CLANG_ANALYZER_NONNULL = YES;
				CLANG_ANALYZER_NUMBER_OBJECT_CONVERSION = YES_AGGRESSIVE;
				CLANG_CXX_LANGUAGE_STANDARD = "gnu++14";
				CLANG_CXX_LIBRARY = "libc++";
				CLANG_ENABLE_MODULES = YES;
				CLANG_ENABLE_OBJC_ARC = YES;
				CLANG_ENABLE_OBJC_WEAK = YES;
				CLANG_WARN_BLOCK_CAPTURE_AUTORELEASING = YES;
				CLANG_WARN_BOOL_CONVERSION = YES;
				CLANG_WARN_COMMA = YES;
				CLANG_WARN_CONSTANT_CONVERSION = YES;
				CLANG_WARN_DEPRECATED_OBJC_IMPLEMENTATIONS = YES;
				CLANG_WARN_DIRECT_OBJC_ISA_USAGE = YES_ERROR;
				CLANG_WARN_DOCUMENTATION_COMMENTS = YES;
				CLANG_WARN_EMPTY_BODY = YES;
				CLANG_WARN_ENUM_CONVERSION = YES;
				CLANG_WARN_INFINITE_RECURSION = YES;
				CLANG_WARN_INT_CONVERSION = YES;
				CLANG_WARN_NON_LITERAL_NULL_CONVERSION = YES;
				CLANG_WARN_OBJC_IMPLICIT_RETAIN_SELF = YES;
				CLANG_WARN_OBJC_LITERAL_CONVERSION = YES;
				CLANG_WARN_OBJC_ROOT_CLASS = YES_ERROR;
				CLANG_WARN_RANGE_LOOP_ANALYSIS = YES;
				CLANG_WARN_STRICT_PROTOTYPES = YES;
				CLANG_WARN_SUSPICIOUS_MOVE = YES;
				CLANG_WARN_UNGUARDED_AVAILABILITY = YES_AGGRESSIVE;
				CLANG_WARN_UNREACHABLE_CODE = YES;
				CLANG_WARN__DUPLICATE_METHOD_MATCH = YES;
				CODE_SIGN_IDENTITY = "iPhone Developer";
				COPY_PHASE_STRIP = NO;
				DEBUG_INFORMATION_FORMAT = "dwarf-with-dsym";
				ENABLE_NS_ASSERTIONS = NO;
				ENABLE_STRICT_OBJC_MSGSEND = YES;
				GCC_C_LANGUAGE_STANDARD = gnu11;
				GCC_NO_COMMON_BLOCKS = YES;
				GCC_WARN_64_TO_32_BIT_CONVERSION = YES;
				GCC_WARN_ABOUT_RETURN_TYPE = YES_ERROR;
				GCC_WARN_UNDECLARED_SELECTOR = YES;
				GCC_WARN_UNINITIALIZED_AUTOS = YES_AGGRESSIVE;
				GCC_WARN_UNUSED_FUNCTION = YES;
				GCC_WARN_UNUSED_VARIABLE = YES;
				IPHONEOS_DEPLOYMENT_TARGET = 12.2;
				MTL_ENABLE_DEBUG_INFO = NO;
				MTL_FAST_MATH = YES;
				SDKROOT = iphoneos;
				SWIFT_COMPILATION_MODE = wholemodule;
				SWIFT_OPTIMIZATION_LEVEL = "-O";
				VALIDATE_PRODUCT = YES;
			};
			name = Release;
		};
		A282F2172269641C0039DAB4 /* Debug */ = {
			isa = XCBuildConfiguration;
			baseConfigurationReference = 51DF4556E6B3D8EF6CF1FC53 /* Pods-TimeWork.debug.xcconfig */;
			buildSettings = {
				ASSETCATALOG_COMPILER_APPICON_NAME = AppIcon;
				CODE_SIGN_STYLE = Automatic;
				DEVELOPMENT_TEAM = LQ6BM55SPX;
				INFOPLIST_FILE = TimeWork/Info.plist;
				LD_RUNPATH_SEARCH_PATHS = (
					"$(inherited)",
					"@executable_path/Frameworks",
				);
				PRODUCT_BUNDLE_IDENTIFIER = br.com.supera.TimeWork;
				PRODUCT_NAME = "$(TARGET_NAME)";
				SWIFT_VERSION = 5.0;
				TARGETED_DEVICE_FAMILY = 1;
			};
			name = Debug;
		};
		A282F2182269641C0039DAB4 /* Release */ = {
			isa = XCBuildConfiguration;
			baseConfigurationReference = 8804F65589AE65AF07EE00E7 /* Pods-TimeWork.release.xcconfig */;
			buildSettings = {
				ASSETCATALOG_COMPILER_APPICON_NAME = AppIcon;
				CODE_SIGN_STYLE = Automatic;
				DEVELOPMENT_TEAM = LQ6BM55SPX;
				INFOPLIST_FILE = TimeWork/Info.plist;
				LD_RUNPATH_SEARCH_PATHS = (
					"$(inherited)",
					"@executable_path/Frameworks",
				);
				PRODUCT_BUNDLE_IDENTIFIER = br.com.supera.TimeWork;
				PRODUCT_NAME = "$(TARGET_NAME)";
				SWIFT_VERSION = 5.0;
				TARGETED_DEVICE_FAMILY = 1;
			};
			name = Release;
		};
/* End XCBuildConfiguration section */

/* Begin XCConfigurationList section */
		A282F1FF2269641A0039DAB4 /* Build configuration list for PBXProject "TimeWork" */ = {
			isa = XCConfigurationList;
			buildConfigurations = (
				A282F2142269641C0039DAB4 /* Debug */,
				A282F2152269641C0039DAB4 /* Release */,
			);
			defaultConfigurationIsVisible = 0;
			defaultConfigurationName = Release;
		};
		A282F2162269641C0039DAB4 /* Build configuration list for PBXNativeTarget "TimeWork" */ = {
			isa = XCConfigurationList;
			buildConfigurations = (
				A282F2172269641C0039DAB4 /* Debug */,
				A282F2182269641C0039DAB4 /* Release */,
			);
			defaultConfigurationIsVisible = 0;
			defaultConfigurationName = Release;
		};
/* End XCConfigurationList section */
	};
	rootObject = A282F1FC2269641A0039DAB4 /* Project object */;
}
